// !$*UTF8*$!
{
	archiveVersion = 1;
	classes = {
	};
	objectVersion = 50;
	objects = {

/* Begin PBXBuildFile section */
		A4847E852677ECDC007DE6DC /* FruitRowView.swift in Sources */ = {isa = PBXBuildFile; fileRef = A4847E842677ECDC007DE6DC /* FruitRowView.swift */; };
		A487835926715D24005B25A1 /* FructusApp.swift in Sources */ = {isa = PBXBuildFile; fileRef = A487835826715D24005B25A1 /* FructusApp.swift */; };
		A487835B26715D24005B25A1 /* ContentView.swift in Sources */ = {isa = PBXBuildFile; fileRef = A487835A26715D24005B25A1 /* ContentView.swift */; };
		A487835D26715D25005B25A1 /* Assets.xcassets in Resources */ = {isa = PBXBuildFile; fileRef = A487835C26715D25005B25A1 /* Assets.xcassets */; };
		A487836026715D25005B25A1 /* Preview Assets.xcassets in Resources */ = {isa = PBXBuildFile; fileRef = A487835F26715D25005B25A1 /* Preview Assets.xcassets */; };
		A487836B26715D26005B25A1 /* FructusTests.swift in Sources */ = {isa = PBXBuildFile; fileRef = A487836A26715D26005B25A1 /* FructusTests.swift */; };
		A487837626715D26005B25A1 /* FructusUITests.swift in Sources */ = {isa = PBXBuildFile; fileRef = A487837526715D26005B25A1 /* FructusUITests.swift */; };
		A48783982671930E005B25A1 /* FruitCardView.swift in Sources */ = {isa = PBXBuildFile; fileRef = A48783972671930E005B25A1 /* FruitCardView.swift */; };
		A487839A26725D52005B25A1 /* StartButtonView.swift in Sources */ = {isa = PBXBuildFile; fileRef = A487839926725D51005B25A1 /* StartButtonView.swift */; };
		A4D106322672891200650FF3 /* OnBoardingView.swift in Sources */ = {isa = PBXBuildFile; fileRef = A4D106312672891200650FF3 /* OnBoardingView.swift */; };
		A4D1063526729E0900650FF3 /* FruitModel.swift in Sources */ = {isa = PBXBuildFile; fileRef = A4D1063426729E0900650FF3 /* FruitModel.swift */; };
		A4D106382672BCC200650FF3 /* FruitData.swift in Sources */ = {isa = PBXBuildFile; fileRef = A4D106372672BCC200650FF3 /* FruitData.swift */; };
/* End PBXBuildFile section */

/* Begin PBXContainerItemProxy section */
		A487836726715D26005B25A1 /* PBXContainerItemProxy */ = {
			isa = PBXContainerItemProxy;
			containerPortal = A487834D26715D24005B25A1 /* Project object */;
			proxyType = 1;
			remoteGlobalIDString = A487835426715D24005B25A1;
			remoteInfo = Fructus;
		};
		A487837226715D26005B25A1 /* PBXContainerItemProxy */ = {
			isa = PBXContainerItemProxy;
			containerPortal = A487834D26715D24005B25A1 /* Project object */;
			proxyType = 1;
			remoteGlobalIDString = A487835426715D24005B25A1;
			remoteInfo = Fructus;
		};
/* End PBXContainerItemProxy section */

/* Begin PBXFileReference section */
		A4847E842677ECDC007DE6DC /* FruitRowView.swift */ = {isa = PBXFileReference; lastKnownFileType = sourcecode.swift; path = FruitRowView.swift; sourceTree = "<group>"; };
		A487835526715D24005B25A1 /* Fructus.app */ = {isa = PBXFileReference; explicitFileType = wrapper.application; includeInIndex = 0; path = Fructus.app; sourceTree = BUILT_PRODUCTS_DIR; };
		A487835826715D24005B25A1 /* FructusApp.swift */ = {isa = PBXFileReference; lastKnownFileType = sourcecode.swift; path = FructusApp.swift; sourceTree = "<group>"; };
		A487835A26715D24005B25A1 /* ContentView.swift */ = {isa = PBXFileReference; lastKnownFileType = sourcecode.swift; path = ContentView.swift; sourceTree = "<group>"; };
		A487835C26715D25005B25A1 /* Assets.xcassets */ = {isa = PBXFileReference; lastKnownFileType = folder.assetcatalog; path = Assets.xcassets; sourceTree = "<group>"; };
		A487835F26715D25005B25A1 /* Preview Assets.xcassets */ = {isa = PBXFileReference; lastKnownFileType = folder.assetcatalog; path = "Preview Assets.xcassets"; sourceTree = "<group>"; };
		A487836126715D25005B25A1 /* Info.plist */ = {isa = PBXFileReference; lastKnownFileType = text.plist.xml; path = Info.plist; sourceTree = "<group>"; };
		A487836626715D26005B25A1 /* FructusTests.xctest */ = {isa = PBXFileReference; explicitFileType = wrapper.cfbundle; includeInIndex = 0; path = FructusTests.xctest; sourceTree = BUILT_PRODUCTS_DIR; };
		A487836A26715D26005B25A1 /* FructusTests.swift */ = {isa = PBXFileReference; lastKnownFileType = sourcecode.swift; path = FructusTests.swift; sourceTree = "<group>"; };
		A487836C26715D26005B25A1 /* Info.plist */ = {isa = PBXFileReference; lastKnownFileType = text.plist.xml; path = Info.plist; sourceTree = "<group>"; };
		A487837126715D26005B25A1 /* FructusUITests.xctest */ = {isa = PBXFileReference; explicitFileType = wrapper.cfbundle; includeInIndex = 0; path = FructusUITests.xctest; sourceTree = BUILT_PRODUCTS_DIR; };
		A487837526715D26005B25A1 /* FructusUITests.swift */ = {isa = PBXFileReference; lastKnownFileType = sourcecode.swift; path = FructusUITests.swift; sourceTree = "<group>"; };
		A487837726715D26005B25A1 /* Info.plist */ = {isa = PBXFileReference; lastKnownFileType = text.plist.xml; path = Info.plist; sourceTree = "<group>"; };
		A48783972671930E005B25A1 /* FruitCardView.swift */ = {isa = PBXFileReference; lastKnownFileType = sourcecode.swift; path = FruitCardView.swift; sourceTree = "<group>"; };
		A487839926725D51005B25A1 /* StartButtonView.swift */ = {isa = PBXFileReference; lastKnownFileType = sourcecode.swift; path = StartButtonView.swift; sourceTree = "<group>"; };
		A4D106312672891200650FF3 /* OnBoardingView.swift */ = {isa = PBXFileReference; lastKnownFileType = sourcecode.swift; path = OnBoardingView.swift; sourceTree = "<group>"; };
		A4D1063426729E0900650FF3 /* FruitModel.swift */ = {isa = PBXFileReference; lastKnownFileType = sourcecode.swift; path = FruitModel.swift; sourceTree = "<group>"; };
		A4D106372672BCC200650FF3 /* FruitData.swift */ = {isa = PBXFileReference; lastKnownFileType = sourcecode.swift; path = FruitData.swift; sourceTree = "<group>"; };
/* End PBXFileReference section */

/* Begin PBXFrameworksBuildPhase section */
		A487835226715D24005B25A1 /* Frameworks */ = {
			isa = PBXFrameworksBuildPhase;
			buildActionMask = 2147483647;
			files = (
			);
			runOnlyForDeploymentPostprocessing = 0;
		};
		A487836326715D26005B25A1 /* Frameworks */ = {
			isa = PBXFrameworksBuildPhase;
			buildActionMask = 2147483647;
			files = (
			);
			runOnlyForDeploymentPostprocessing = 0;
		};
		A487836E26715D26005B25A1 /* Frameworks */ = {
			isa = PBXFrameworksBuildPhase;
			buildActionMask = 2147483647;
			files = (
			);
			runOnlyForDeploymentPostprocessing = 0;
		};
/* End PBXFrameworksBuildPhase section */

/* Begin PBXGroup section */
		A487834C26715D24005B25A1 = {
			isa = PBXGroup;
			children = (
				A487835726715D24005B25A1 /* Fructus */,
				A487836926715D26005B25A1 /* FructusTests */,
				A487837426715D26005B25A1 /* FructusUITests */,
				A487835626715D24005B25A1 /* Products */,
			);
			sourceTree = "<group>";
		};
		A487835626715D24005B25A1 /* Products */ = {
			isa = PBXGroup;
			children = (
				A487835526715D24005B25A1 /* Fructus.app */,
				A487836626715D26005B25A1 /* FructusTests.xctest */,
				A487837126715D26005B25A1 /* FructusUITests.xctest */,
			);
			name = Products;
			sourceTree = "<group>";
		};
		A487835726715D24005B25A1 /* Fructus */ = {
			isa = PBXGroup;
			children = (
				A4D106362672BC9700650FF3 /* Data File */,
				A4D1063326729DED00650FF3 /* Model */,
				A48783952671928F005B25A1 /* View */,
				A4878396267192A3005B25A1 /* App */,
				A487835C26715D25005B25A1 /* Assets.xcassets */,
				A487836126715D25005B25A1 /* Info.plist */,
				A487835E26715D25005B25A1 /* Preview Content */,
			);
			path = Fructus;
			sourceTree = "<group>";
		};
		A487835E26715D25005B25A1 /* Preview Content */ = {
			isa = PBXGroup;
			children = (
				A487835F26715D25005B25A1 /* Preview Assets.xcassets */,
			);
			path = "Preview Content";
			sourceTree = "<group>";
		};
		A487836926715D26005B25A1 /* FructusTests */ = {
			isa = PBXGroup;
			children = (
				A487836A26715D26005B25A1 /* FructusTests.swift */,
				A487836C26715D26005B25A1 /* Info.plist */,
			);
			path = FructusTests;
			sourceTree = "<group>";
		};
		A487837426715D26005B25A1 /* FructusUITests */ = {
			isa = PBXGroup;
			children = (
				A487837526715D26005B25A1 /* FructusUITests.swift */,
				A487837726715D26005B25A1 /* Info.plist */,
			);
			path = FructusUITests;
			sourceTree = "<group>";
		};
		A48783952671928F005B25A1 /* View */ = {
			isa = PBXGroup;
			children = (
				A48783972671930E005B25A1 /* FruitCardView.swift */,
				A487839926725D51005B25A1 /* StartButtonView.swift */,
				A4847E842677ECDC007DE6DC /* FruitRowView.swift */,
			);
			path = View;
			sourceTree = "<group>";
		};
		A4878396267192A3005B25A1 /* App */ = {
			isa = PBXGroup;
			children = (
				A487835826715D24005B25A1 /* FructusApp.swift */,
				A487835A26715D24005B25A1 /* ContentView.swift */,
				A4D106312672891200650FF3 /* OnBoardingView.swift */,
			);
			path = App;
			sourceTree = "<group>";
		};
		A4D1063326729DED00650FF3 /* Model */ = {
			isa = PBXGroup;
			children = (
				A4D1063426729E0900650FF3 /* FruitModel.swift */,
			);
			path = Model;
			sourceTree = "<group>";
		};
		A4D106362672BC9700650FF3 /* Data File */ = {
			isa = PBXGroup;
			children = (
				A4D106372672BCC200650FF3 /* FruitData.swift */,
			);
			path = "Data File";
			sourceTree = "<group>";
		};
/* End PBXGroup section */

/* Begin PBXNativeTarget section */
		A487835426715D24005B25A1 /* Fructus */ = {
			isa = PBXNativeTarget;
			buildConfigurationList = A487837A26715D26005B25A1 /* Build configuration list for PBXNativeTarget "Fructus" */;
			buildPhases = (
				A487835126715D24005B25A1 /* Sources */,
				A487835226715D24005B25A1 /* Frameworks */,
				A487835326715D24005B25A1 /* Resources */,
			);
			buildRules = (
			);
			dependencies = (
			);
			name = Fructus;
			productName = Fructus;
			productReference = A487835526715D24005B25A1 /* Fructus.app */;
			productType = "com.apple.product-type.application";
		};
		A487836526715D26005B25A1 /* FructusTests */ = {
			isa = PBXNativeTarget;
			buildConfigurationList = A487837D26715D26005B25A1 /* Build configuration list for PBXNativeTarget "FructusTests" */;
			buildPhases = (
				A487836226715D26005B25A1 /* Sources */,
				A487836326715D26005B25A1 /* Frameworks */,
				A487836426715D26005B25A1 /* Resources */,
			);
			buildRules = (
			);
			dependencies = (
				A487836826715D26005B25A1 /* PBXTargetDependency */,
			);
			name = FructusTests;
			productName = FructusTests;
			productReference = A487836626715D26005B25A1 /* FructusTests.xctest */;
			productType = "com.apple.product-type.bundle.unit-test";
		};
		A487837026715D26005B25A1 /* FructusUITests */ = {
			isa = PBXNativeTarget;
			buildConfigurationList = A487838026715D26005B25A1 /* Build configuration list for PBXNativeTarget "FructusUITests" */;
			buildPhases = (
				A487836D26715D26005B25A1 /* Sources */,
				A487836E26715D26005B25A1 /* Frameworks */,
				A487836F26715D26005B25A1 /* Resources */,
			);
			buildRules = (
			);
			dependencies = (
				A487837326715D26005B25A1 /* PBXTargetDependency */,
			);
			name = FructusUITests;
			productName = FructusUITests;
			productReference = A487837126715D26005B25A1 /* FructusUITests.xctest */;
			productType = "com.apple.product-type.bundle.ui-testing";
		};
/* End PBXNativeTarget section */

/* Begin PBXProject section */
		A487834D26715D24005B25A1 /* Project object */ = {
			isa = PBXProject;
			attributes = {
				LastSwiftUpdateCheck = 1250;
				LastUpgradeCheck = 1250;
				TargetAttributes = {
					A487835426715D24005B25A1 = {
						CreatedOnToolsVersion = 12.5;
					};
					A487836526715D26005B25A1 = {
						CreatedOnToolsVersion = 12.5;
						TestTargetID = A487835426715D24005B25A1;
					};
					A487837026715D26005B25A1 = {
						CreatedOnToolsVersion = 12.5;
						TestTargetID = A487835426715D24005B25A1;
					};
				};
			};
			buildConfigurationList = A487835026715D24005B25A1 /* Build configuration list for PBXProject "Fructus" */;
			compatibilityVersion = "Xcode 9.3";
			developmentRegion = en;
			hasScannedForEncodings = 0;
			knownRegions = (
				en,
				Base,
			);
			mainGroup = A487834C26715D24005B25A1;
			productRefGroup = A487835626715D24005B25A1 /* Products */;
			projectDirPath = "";
			projectRoot = "";
			targets = (
				A487835426715D24005B25A1 /* Fructus */,
				A487836526715D26005B25A1 /* FructusTests */,
				A487837026715D26005B25A1 /* FructusUITests */,
			);
		};
/* End PBXProject section */

/* Begin PBXResourcesBuildPhase section */
		A487835326715D24005B25A1 /* Resources */ = {
			isa = PBXResourcesBuildPhase;
			buildActionMask = 2147483647;
			files = (
				A487836026715D25005B25A1 /* Preview Assets.xcassets in Resources */,
				A487835D26715D25005B25A1 /* Assets.xcassets in Resources */,
			);
			runOnlyForDeploymentPostprocessing = 0;
		};
		A487836426715D26005B25A1 /* Resources */ = {
			isa = PBXResourcesBuildPhase;
			buildActionMask = 2147483647;
			files = (
			);
			runOnlyForDeploymentPostprocessing = 0;
		};
		A487836F26715D26005B25A1 /* Resources */ = {
			isa = PBXResourcesBuildPhase;
			buildActionMask = 2147483647;
			files = (
			);
			runOnlyForDeploymentPostprocessing = 0;
		};
/* End PBXResourcesBuildPhase section */

/* Begin PBXSourcesBuildPhase section */
		A487835126715D24005B25A1 /* Sources */ = {
			isa = PBXSourcesBuildPhase;
			buildActionMask = 2147483647;
			files = (
				A4D106382672BCC200650FF3 /* FruitData.swift in Sources */,
				A48783982671930E005B25A1 /* FruitCardView.swift in Sources */,
				A4847E852677ECDC007DE6DC /* FruitRowView.swift in Sources */,
				A487839A26725D52005B25A1 /* StartButtonView.swift in Sources */,
				A487835B26715D24005B25A1 /* ContentView.swift in Sources */,
				A4D106322672891200650FF3 /* OnBoardingView.swift in Sources */,
				A4D1063526729E0900650FF3 /* FruitModel.swift in Sources */,
				A487835926715D24005B25A1 /* FructusApp.swift in Sources */,
			);
			runOnlyForDeploymentPostprocessing = 0;
		};
		A487836226715D26005B25A1 /* Sources */ = {
			isa = PBXSourcesBuildPhase;
			buildActionMask = 2147483647;
			files = (
				A487836B26715D26005B25A1 /* FructusTests.swift in Sources */,
			);
			runOnlyForDeploymentPostprocessing = 0;
		};
		A487836D26715D26005B25A1 /* Sources */ = {
			isa = PBXSourcesBuildPhase;
			buildActionMask = 2147483647;
			files = (
				A487837626715D26005B25A1 /* FructusUITests.swift in Sources */,
			);
			runOnlyForDeploymentPostprocessing = 0;
		};
/* End PBXSourcesBuildPhase section */

/* Begin PBXTargetDependency section */
		A487836826715D26005B25A1 /* PBXTargetDependency */ = {
			isa = PBXTargetDependency;
			target = A487835426715D24005B25A1 /* Fructus */;
			targetProxy = A487836726715D26005B25A1 /* PBXContainerItemProxy */;
		};
		A487837326715D26005B25A1 /* PBXTargetDependency */ = {
			isa = PBXTargetDependency;
			target = A487835426715D24005B25A1 /* Fructus */;
			targetProxy = A487837226715D26005B25A1 /* PBXContainerItemProxy */;
		};
/* End PBXTargetDependency section */

/* Begin XCBuildConfiguration section */
		A487837826715D26005B25A1 /* Debug */ = {
			isa = XCBuildConfiguration;
			buildSettings = {
				ALWAYS_SEARCH_USER_PATHS = NO;
				CLANG_ANALYZER_NONNULL = YES;
				CLANG_ANALYZER_NUMBER_OBJECT_CONVERSION = YES_AGGRESSIVE;
				CLANG_CXX_LANGUAGE_STANDARD = "gnu++14";
				CLANG_CXX_LIBRARY = "libc++";
				CLANG_ENABLE_MODULES = YES;
				CLANG_ENABLE_OBJC_ARC = YES;
				CLANG_ENABLE_OBJC_WEAK = YES;
				CLANG_WARN_BLOCK_CAPTURE_AUTORELEASING = YES;
				CLANG_WARN_BOOL_CONVERSION = YES;
				CLANG_WARN_COMMA = YES;
				CLANG_WARN_CONSTANT_CONVERSION = YES;
				CLANG_WARN_DEPRECATED_OBJC_IMPLEMENTATIONS = YES;
				CLANG_WARN_DIRECT_OBJC_ISA_USAGE = YES_ERROR;
				CLANG_WARN_DOCUMENTATION_COMMENTS = YES;
				CLANG_WARN_EMPTY_BODY = YES;
				CLANG_WARN_ENUM_CONVERSION = YES;
				CLANG_WARN_INFINITE_RECURSION = YES;
				CLANG_WARN_INT_CONVERSION = YES;
				CLANG_WARN_NON_LITERAL_NULL_CONVERSION = YES;
				CLANG_WARN_OBJC_IMPLICIT_RETAIN_SELF = YES;
				CLANG_WARN_OBJC_LITERAL_CONVERSION = YES;
				CLANG_WARN_OBJC_ROOT_CLASS = YES_ERROR;
				CLANG_WARN_QUOTED_INCLUDE_IN_FRAMEWORK_HEADER = YES;
				CLANG_WARN_RANGE_LOOP_ANALYSIS = YES;
				CLANG_WARN_STRICT_PROTOTYPES = YES;
				CLANG_WARN_SUSPICIOUS_MOVE = YES;
				CLANG_WARN_UNGUARDED_AVAILABILITY = YES_AGGRESSIVE;
				CLANG_WARN_UNREACHABLE_CODE = YES;
				CLANG_WARN__DUPLICATE_METHOD_MATCH = YES;
				COPY_PHASE_STRIP = NO;
				DEBUG_INFORMATION_FORMAT = dwarf;
				ENABLE_STRICT_OBJC_MSGSEND = YES;
				ENABLE_TESTABILITY = YES;
				GCC_C_LANGUAGE_STANDARD = gnu11;
				GCC_DYNAMIC_NO_PIC = NO;
				GCC_NO_COMMON_BLOCKS = YES;
				GCC_OPTIMIZATION_LEVEL = 0;
				GCC_PREPROCESSOR_DEFINITIONS = (
					"DEBUG=1",
					"$(inherited)",
				);
				GCC_WARN_64_TO_32_BIT_CONVERSION = YES;
				GCC_WARN_ABOUT_RETURN_TYPE = YES_ERROR;
				GCC_WARN_UNDECLARED_SELECTOR = YES;
				GCC_WARN_UNINITIALIZED_AUTOS = YES_AGGRESSIVE;
				GCC_WARN_UNUSED_FUNCTION = YES;
				GCC_WARN_UNUSED_VARIABLE = YES;
				IPHONEOS_DEPLOYMENT_TARGET = 14.5;
				MTL_ENABLE_DEBUG_INFO = INCLUDE_SOURCE;
				MTL_FAST_MATH = YES;
				ONLY_ACTIVE_ARCH = YES;
				SDKROOT = iphoneos;
				SWIFT_ACTIVE_COMPILATION_CONDITIONS = DEBUG;
				SWIFT_OPTIMIZATION_LEVEL = "-Onone";
			};
			name = Debug;
		};
		A487837926715D26005B25A1 /* Release */ = {
			isa = XCBuildConfiguration;
			buildSettings = {
				ALWAYS_SEARCH_USER_PATHS = NO;
				CLANG_ANALYZER_NONNULL = YES;
				CLANG_ANALYZER_NUMBER_OBJECT_CONVERSION = YES_AGGRESSIVE;
				CLANG_CXX_LANGUAGE_STANDARD = "gnu++14";
				CLANG_CXX_LIBRARY = "libc++";
				CLANG_ENABLE_MODULES = YES;
				CLANG_ENABLE_OBJC_ARC = YES;
				CLANG_ENABLE_OBJC_WEAK = YES;
				CLANG_WARN_BLOCK_CAPTURE_AUTORELEASING = YES;
				CLANG_WARN_BOOL_CONVERSION = YES;
				CLANG_WARN_COMMA = YES;
				CLANG_WARN_CONSTANT_CONVERSION = YES;
				CLANG_WARN_DEPRECATED_OBJC_IMPLEMENTATIONS = YES;
				CLANG_WARN_DIRECT_OBJC_ISA_USAGE = YES_ERROR;
				CLANG_WARN_DOCUMENTATION_COMMENTS = YES;
				CLANG_WARN_EMPTY_BODY = YES;
				CLANG_WARN_ENUM_CONVERSION = YES;
				CLANG_WARN_INFINITE_RECURSION = YES;
				CLANG_WARN_INT_CONVERSION = YES;
				CLANG_WARN_NON_LITERAL_NULL_CONVERSION = YES;
				CLANG_WARN_OBJC_IMPLICIT_RETAIN_SELF = YES;
				CLANG_WARN_OBJC_LITERAL_CONVERSION = YES;
				CLANG_WARN_OBJC_ROOT_CLASS = YES_ERROR;
				CLANG_WARN_QUOTED_INCLUDE_IN_FRAMEWORK_HEADER = YES;
				CLANG_WARN_RANGE_LOOP_ANALYSIS = YES;
				CLANG_WARN_STRICT_PROTOTYPES = YES;
				CLANG_WARN_SUSPICIOUS_MOVE = YES;
				CLANG_WARN_UNGUARDED_AVAILABILITY = YES_AGGRESSIVE;
				CLANG_WARN_UNREACHABLE_CODE = YES;
				CLANG_WARN__DUPLICATE_METHOD_MATCH = YES;
				COPY_PHASE_STRIP = NO;
				DEBUG_INFORMATION_FORMAT = "dwarf-with-dsym";
				ENABLE_NS_ASSERTIONS = NO;
				ENABLE_STRICT_OBJC_MSGSEND = YES;
				GCC_C_LANGUAGE_STANDARD = gnu11;
				GCC_NO_COMMON_BLOCKS = YES;
				GCC_WARN_64_TO_32_BIT_CONVERSION = YES;
				GCC_WARN_ABOUT_RETURN_TYPE = YES_ERROR;
				GCC_WARN_UNDECLARED_SELECTOR = YES;
				GCC_WARN_UNINITIALIZED_AUTOS = YES_AGGRESSIVE;
				GCC_WARN_UNUSED_FUNCTION = YES;
				GCC_WARN_UNUSED_VARIABLE = YES;
				IPHONEOS_DEPLOYMENT_TARGET = 14.5;
				MTL_ENABLE_DEBUG_INFO = NO;
				MTL_FAST_MATH = YES;
				SDKROOT = iphoneos;
				SWIFT_COMPILATION_MODE = wholemodule;
				SWIFT_OPTIMIZATION_LEVEL = "-O";
				VALIDATE_PRODUCT = YES;
			};
			name = Release;
		};
		A487837B26715D26005B25A1 /* Debug */ = {
			isa = XCBuildConfiguration;
			buildSettings = {
				ASSETCATALOG_COMPILER_APPICON_NAME = AppIcon;
				ASSETCATALOG_COMPILER_GLOBAL_ACCENT_COLOR_NAME = AccentColor;
				CODE_SIGN_STYLE = Automatic;
				DEVELOPMENT_ASSET_PATHS = "\"Fructus/Preview Content\"";
				DEVELOPMENT_TEAM = 2RBB2LDB25;
				ENABLE_PREVIEWS = YES;
				INFOPLIST_FILE = Fructus/Info.plist;
				IPHONEOS_DEPLOYMENT_TARGET = 14.0;
				LD_RUNPATH_SEARCH_PATHS = (
					"$(inherited)",
					"@executable_path/Frameworks",
				);
				PRODUCT_BUNDLE_IDENTIFIER = com.praxedes.Fructus;
				PRODUCT_NAME = "$(TARGET_NAME)";
				SWIFT_VERSION = 5.0;
				TARGETED_DEVICE_FAMILY = "1,2";
			};
			name = Debug;
		};
		A487837C26715D26005B25A1 /* Release */ = {
			isa = XCBuildConfiguration;
			buildSettings = {
				ASSETCATALOG_COMPILER_APPICON_NAME = AppIcon;
				ASSETCATALOG_COMPILER_GLOBAL_ACCENT_COLOR_NAME = AccentColor;
				CODE_SIGN_STYLE = Automatic;
				DEVELOPMENT_ASSET_PATHS = "\"Fructus/Preview Content\"";
				DEVELOPMENT_TEAM = 2RBB2LDB25;
				ENABLE_PREVIEWS = YES;
				INFOPLIST_FILE = Fructus/Info.plist;
				IPHONEOS_DEPLOYMENT_TARGET = 14.0;
				LD_RUNPATH_SEARCH_PATHS = (
					"$(inherited)",
					"@executable_path/Frameworks",
				);
				PRODUCT_BUNDLE_IDENTIFIER = com.praxedes.Fructus;
				PRODUCT_NAME = "$(TARGET_NAME)";
				SWIFT_VERSION = 5.0;
				TARGETED_DEVICE_FAMILY = "1,2";
			};
			name = Release;
		};
		A487837E26715D26005B25A1 /* Debug */ = {
			isa = XCBuildConfiguration;
			buildSettings = {
				ALWAYS_EMBED_SWIFT_STANDARD_LIBRARIES = YES;
				BUNDLE_LOADER = "$(TEST_HOST)";
				CODE_SIGN_STYLE = Automatic;
				DEVELOPMENT_TEAM = 2RBB2LDB25;
				INFOPLIST_FILE = FructusTests/Info.plist;
				IPHONEOS_DEPLOYMENT_TARGET = 14.0;
				LD_RUNPATH_SEARCH_PATHS = (
					"$(inherited)",
					"@executable_path/Frameworks",
					"@loader_path/Frameworks",
				);
				PRODUCT_BUNDLE_IDENTIFIER = com.praxedes.FructusTests;
				PRODUCT_NAME = "$(TARGET_NAME)";
				SWIFT_VERSION = 5.0;
				TARGETED_DEVICE_FAMILY = "1,2";
				TEST_HOST = "$(BUILT_PRODUCTS_DIR)/Fructus.app/Fructus";
			};
			name = Debug;
		};
		A487837F26715D26005B25A1 /* Release */ = {
			isa = XCBuildConfiguration;
			buildSettings = {
				ALWAYS_EMBED_SWIFT_STANDARD_LIBRARIES = YES;
				BUNDLE_LOADER = "$(TEST_HOST)";
				CODE_SIGN_STYLE = Automatic;
				DEVELOPMENT_TEAM = 2RBB2LDB25;
				INFOPLIST_FILE = FructusTests/Info.plist;
				IPHONEOS_DEPLOYMENT_TARGET = 14.0;
				LD_RUNPATH_SEARCH_PATHS = (
					"$(inherited)",
					"@executable_path/Frameworks",
					"@loader_path/Frameworks",
				);
				PRODUCT_BUNDLE_IDENTIFIER = com.praxedes.FructusTests;
				PRODUCT_NAME = "$(TARGET_NAME)";
				SWIFT_VERSION = 5.0;
				TARGETED_DEVICE_FAMILY = "1,2";
				TEST_HOST = "$(BUILT_PRODUCTS_DIR)/Fructus.app/Fructus";
			};
			name = Release;
		};
		A487838126715D26005B25A1 /* Debug */ = {
			isa = XCBuildConfiguration;
			buildSettings = {
				ALWAYS_EMBED_SWIFT_STANDARD_LIBRARIES = YES;
				CODE_SIGN_STYLE = Automatic;
				DEVELOPMENT_TEAM = 2RBB2LDB25;
				INFOPLIST_FILE = FructusUITests/Info.plist;
				LD_RUNPATH_SEARCH_PATHS = (
					"$(inherited)",
					"@executable_path/Frameworks",
					"@loader_path/Frameworks",
				);
				PRODUCT_BUNDLE_IDENTIFIER = com.praxedes.FructusUITests;
				PRODUCT_NAME = "$(TARGET_NAME)";
				SWIFT_VERSION = 5.0;
				TARGETED_DEVICE_FAMILY = "1,2";
				TEST_TARGET_NAME = Fructus;
			};
			name = Debug;
		};
		A487838226715D26005B25A1 /* Release */ = {
			isa = XCBuildConfiguration;
			buildSettings = {
				ALWAYS_EMBED_SWIFT_STANDARD_LIBRARIES = YES;
				CODE_SIGN_STYLE = Automatic;
				DEVELOPMENT_TEAM = 2RBB2LDB25;
				INFOPLIST_FILE = FructusUITests/Info.plist;
				LD_RUNPATH_SEARCH_PATHS = (
					"$(inherited)",
					"@executable_path/Frameworks",
					"@loader_path/Frameworks",
				);
				PRODUCT_BUNDLE_IDENTIFIER = com.praxedes.FructusUITests;
				PRODUCT_NAME = "$(TARGET_NAME)";
				SWIFT_VERSION = 5.0;
				TARGETED_DEVICE_FAMILY = "1,2";
				TEST_TARGET_NAME = Fructus;
			};
			name = Release;
		};
/* End XCBuildConfiguration section */

/* Begin XCConfigurationList section */
		A487835026715D24005B25A1 /* Build configuration list for PBXProject "Fructus" */ = {
			isa = XCConfigurationList;
			buildConfigurations = (
				A487837826715D26005B25A1 /* Debug */,
				A487837926715D26005B25A1 /* Release */,
			);
			defaultConfigurationIsVisible = 0;
			defaultConfigurationName = Release;
		};
		A487837A26715D26005B25A1 /* Build configuration list for PBXNativeTarget "Fructus" */ = {
			isa = XCConfigurationList;
			buildConfigurations = (
				A487837B26715D26005B25A1 /* Debug */,
				A487837C26715D26005B25A1 /* Release */,
			);
			defaultConfigurationIsVisible = 0;
			defaultConfigurationName = Release;
		};
		A487837D26715D26005B25A1 /* Build configuration list for PBXNativeTarget "FructusTests" */ = {
			isa = XCConfigurationList;
			buildConfigurations = (
				A487837E26715D26005B25A1 /* Debug */,
				A487837F26715D26005B25A1 /* Release */,
			);
			defaultConfigurationIsVisible = 0;
			defaultConfigurationName = Release;
		};
		A487838026715D26005B25A1 /* Build configuration list for PBXNativeTarget "FructusUITests" */ = {
			isa = XCConfigurationList;
			buildConfigurations = (
				A487838126715D26005B25A1 /* Debug */,
				A487838226715D26005B25A1 /* Release */,
			);
			defaultConfigurationIsVisible = 0;
			defaultConfigurationName = Release;
		};
/* End XCConfigurationList section */
	};
	rootObject = A487834D26715D24005B25A1 /* Project object */;
}
